
Microsoft Visual Studio Solution File, Format Version 12.00
# Visual Studio Version 17
VisualStudioVersion = 17.14.37301.10 d17.14
MinimumVisualStudioVersion = 10.0.40219.1
Project("{FAE04EC0-301F-11D3-BF4B-00C04F79EFBC}") = "stream_üben", "stream_üben\stream_üben.csproj", "{0E6619A7-4A07-409A-869F-16A9DD906FEC}"
EndProject
Global
	GlobalSection(SolutionConfigurationPlatforms) = preSolution
		Debug|Any CPU = Debug|Any CPU
		Release|Any CPU = Release|Any CPU
	EndGlobalSection
	GlobalSection(ProjectConfigurationPlatforms) = postSolution
		{0E6619A7-4A07-409A-869F-16A9DD906FEC}.Debug|Any CPU.ActiveCfg = Debug|Any CPU
		{0E6619A7-4A07-409A-869F-16A9DD906FEC}.Debug|Any CPU.Build.0 = Debug|Any CPU
		{0E6619A7-4A07-409A-869F-16A9DD906FEC}.Release|Any CPU.ActiveCfg = Release|Any CPU
		{0E6619A7-4A07-409A-869F-16A9DD906FEC}.Release|Any CPU.Build.0 = Release|Any CPU
	EndGlobalSection
	GlobalSection(SolutionProperties) = preSolution
		HideSolutionNode = FALSE
	EndGlobalSection
	GlobalSection(ExtensibilityGlobals) = postSolution
		SolutionGuid = {A162D804-B05C-4671-8DB6-93265DEB5067}
	EndGlobalSection
EndGlobal
